
Microsoft Visual Studio Solution File, Format Version 12.00
# Visual Studio Version 17
VisualStudioVersion = 17.9.34728.123
MinimumVisualStudioVersion = 10.0.40219.1
Project("{FAE04EC0-301F-11D3-BF4B-00C04F79EFBC}") = "EmpresaTajAzure", "EmpresaTajAzure\EmpresaTajAzure.csproj", "{628911F4-11FA-4653-A05F-47B504A5C84D}"
EndProject
Global
	GlobalSection(SolutionConfigurationPlatforms) = preSolution
		Debug|Any CPU = Debug|Any CPU
		Release|Any CPU = Release|Any CPU
	EndGlobalSection
	GlobalSection(ProjectConfigurationPlatforms) = postSolution
		{628911F4-11FA-4653-A05F-47B504A5C84D}.Debug|Any CPU.ActiveCfg = Debug|Any CPU
		{628911F4-11FA-4653-A05F-47B504A5C84D}.Debug|Any CPU.Build.0 = Debug|Any CPU
		{628911F4-11FA-4653-A05F-47B504A5C84D}.Release|Any CPU.ActiveCfg = Release|Any CPU
		{628911F4-11FA-4653-A05F-47B504A5C84D}.Release|Any CPU.Build.0 = Release|Any CPU
	EndGlobalSection
	GlobalSection(SolutionProperties) = preSolution
		HideSolutionNode = FALSE
	EndGlobalSection
	GlobalSection(ExtensibilityGlobals) = postSolution
		SolutionGuid = {D169BE8A-110E-4186-8529-180ED4FDDC2F}
	EndGlobalSection
EndGlobal
